
Microsoft Visual Studio Solution File, Format Version 12.00
# Visual Studio Version 17
VisualStudioVersion = 17.14.36414.22
MinimumVisualStudioVersion = 10.0.40219.1
Project("{FAE04EC0-301F-11D3-BF4B-00C04F79EFBC}") = "NoteKeeper.WebApi", "web-api\NoteKeeper.WebApi.csproj", "{96104A83-D38D-F8F9-8596-5D5935D3A5A9}"
EndProject
Global
	GlobalSection(SolutionConfigurationPlatforms) = preSolution
		Debug|Any CPU = Debug|Any CPU
		Release|Any CPU = Release|Any CPU
	EndGlobalSection
	GlobalSection(ProjectConfigurationPlatforms) = postSolution
		{96104A83-D38D-F8F9-8596-5D5935D3A5A9}.Debug|Any CPU.ActiveCfg = Debug|Any CPU
		{96104A83-D38D-F8F9-8596-5D5935D3A5A9}.Debug|Any CPU.Build.0 = Debug|Any CPU
		{96104A83-D38D-F8F9-8596-5D5935D3A5A9}.Release|Any CPU.ActiveCfg = Release|Any CPU
		{96104A83-D38D-F8F9-8596-5D5935D3A5A9}.Release|Any CPU.Build.0 = Release|Any CPU
	EndGlobalSection
	GlobalSection(SolutionProperties) = preSolution
		HideSolutionNode = FALSE
	EndGlobalSection
	GlobalSection(ExtensibilityGlobals) = postSolution
		SolutionGuid = {F1FEBE5B-6682-4F6A-9BCF-79BFABC687F7}
	EndGlobalSection
EndGlobal
